
Microsoft Visual Studio Solution File, Format Version 12.00
# Visual Studio Version 17
VisualStudioVersion = 17.14.36717.8 d17.14
MinimumVisualStudioVersion = 10.0.40219.1
Project("{FAE04EC0-301F-11D3-BF4B-00C04F79EFBC}") = "AnalisisProg", "AnalisisProg\AnalisisProg.csproj", "{FE40CD00-485C-4161-A492-B137B236BDB7}"
EndProject
Global
	GlobalSection(SolutionConfigurationPlatforms) = preSolution
		Debug|Any CPU = Debug|Any CPU
		Release|Any CPU = Release|Any CPU
	EndGlobalSection
	GlobalSection(ProjectConfigurationPlatforms) = postSolution
		{FE40CD00-485C-4161-A492-B137B236BDB7}.Debug|Any CPU.ActiveCfg = Debug|Any CPU
		{FE40CD00-485C-4161-A492-B137B236BDB7}.Debug|Any CPU.Build.0 = Debug|Any CPU
		{FE40CD00-485C-4161-A492-B137B236BDB7}.Release|Any CPU.ActiveCfg = Release|Any CPU
		{FE40CD00-485C-4161-A492-B137B236BDB7}.Release|Any CPU.Build.0 = Release|Any CPU
	EndGlobalSection
	GlobalSection(SolutionProperties) = preSolution
		HideSolutionNode = FALSE
	EndGlobalSection
	GlobalSection(ExtensibilityGlobals) = postSolution
		SolutionGuid = {45D45E5C-F170-4D81-93BD-D3E0DFB9C5D8}
	EndGlobalSection
EndGlobal
